
Microsoft Visual Studio Solution File, Format Version 12.00
# Visual Studio Version 16
VisualStudioVersion = 16.0.30225.117
MinimumVisualStudioVersion = 10.0.40219.1
Project("{9A19103F-16F7-4668-BE54-9A1E7A4F7556}") = "Peak.Discoun.Dashboard", "Peak.Discoun.Dashboard.csproj", "{D019DAD8-77EC-4158-9E53-CC0D2BF2C58D}"
EndProject
Project("{9A19103F-16F7-4668-BE54-9A1E7A4F7556}") = "Peak.Discount", "..\Peak.Discount.Dashboard\Peak.Discount.csproj", "{3BF9CB0D-5FE0-47D6-A721-EC5007E95ED8}"
EndProject
Project("{FAE04EC0-301F-11D3-BF4B-00C04F79EFBC}") = "Peak.Discount.Model", "..\Peak.Discount.Model\Peak.Discount.Model.csproj", "{122A7DDA-7AE9-48B0-A430-1D9BE611DBC9}"
EndProject
Global
	GlobalSection(SolutionConfigurationPlatforms) = preSolution
		Debug|Any CPU = Debug|Any CPU
		Release|Any CPU = Release|Any CPU
	EndGlobalSection
	GlobalSection(ProjectConfigurationPlatforms) = postSolution
		{D019DAD8-77EC-4158-9E53-CC0D2BF2C58D}.Debug|Any CPU.ActiveCfg = Debug|Any CPU
		{D019DAD8-77EC-4158-9E53-CC0D2BF2C58D}.Debug|Any CPU.Build.0 = Debug|Any CPU
		{D019DAD8-77EC-4158-9E53-CC0D2BF2C58D}.Release|Any CPU.ActiveCfg = Release|Any CPU
		{D019DAD8-77EC-4158-9E53-CC0D2BF2C58D}.Release|Any CPU.Build.0 = Release|Any CPU
		{3BF9CB0D-5FE0-47D6-A721-EC5007E95ED8}.Debug|Any CPU.ActiveCfg = Debug|Any CPU
		{3BF9CB0D-5FE0-47D6-A721-EC5007E95ED8}.Debug|Any CPU.Build.0 = Debug|Any CPU
		{3BF9CB0D-5FE0-47D6-A721-EC5007E95ED8}.Release|Any CPU.ActiveCfg = Release|Any CPU
		{3BF9CB0D-5FE0-47D6-A721-EC5007E95ED8}.Release|Any CPU.Build.0 = Release|Any CPU
		{122A7DDA-7AE9-48B0-A430-1D9BE611DBC9}.Debug|Any CPU.ActiveCfg = Debug|Any CPU
		{122A7DDA-7AE9-48B0-A430-1D9BE611DBC9}.Debug|Any CPU.Build.0 = Debug|Any CPU
		{122A7DDA-7AE9-48B0-A430-1D9BE611DBC9}.Release|Any CPU.ActiveCfg = Release|Any CPU
		{122A7DDA-7AE9-48B0-A430-1D9BE611DBC9}.Release|Any CPU.Build.0 = Release|Any CPU
	EndGlobalSection
	GlobalSection(SolutionProperties) = preSolution
		HideSolutionNode = FALSE
	EndGlobalSection
	GlobalSection(ExtensibilityGlobals) = postSolution
		SolutionGuid = {E38030F8-526E-4F65-ADB9-39C5C24F9E09}
	EndGlobalSection
EndGlobal
